
Microsoft Visual Studio Solution File, Format Version 12.00
# Visual Studio Version 16
VisualStudioVersion = 16.0.31321.278
MinimumVisualStudioVersion = 10.0.40219.1
Project("{FAE04EC0-301F-11D3-BF4B-00C04F79EFBC}") = "CheckInProgram", "CheckInProgram\CheckInProgram.csproj", "{13955221-8D9D-445A-BFAE-3C5643EC793E}"
EndProject
Global
	GlobalSection(SolutionConfigurationPlatforms) = preSolution
		Debug|Any CPU = Debug|Any CPU
		Release|Any CPU = Release|Any CPU
	EndGlobalSection
	GlobalSection(ProjectConfigurationPlatforms) = postSolution
		{13955221-8D9D-445A-BFAE-3C5643EC793E}.Debug|Any CPU.ActiveCfg = Debug|Any CPU
		{13955221-8D9D-445A-BFAE-3C5643EC793E}.Debug|Any CPU.Build.0 = Debug|Any CPU
		{13955221-8D9D-445A-BFAE-3C5643EC793E}.Release|Any CPU.ActiveCfg = Release|Any CPU
		{13955221-8D9D-445A-BFAE-3C5643EC793E}.Release|Any CPU.Build.0 = Release|Any CPU
	EndGlobalSection
	GlobalSection(SolutionProperties) = preSolution
		HideSolutionNode = FALSE
	EndGlobalSection
	GlobalSection(ExtensibilityGlobals) = postSolution
		SolutionGuid = {1A8A0A7A-1732-487B-B192-3A5E4C82E954}
	EndGlobalSection
EndGlobal
